
Microsoft Visual Studio Solution File, Format Version 12.00
# Visual Studio 15
VisualStudioVersion = 15.0.27703.2018
MinimumVisualStudioVersion = 10.0.40219.1
Project("{FAE04EC0-301F-11D3-BF4B-00C04F79EFBC}") = "CardGame", "CardGame\CardGame.csproj", "{63023A48-5BA1-46DD-BC32-3269ED67B648}"
EndProject
Project("{FAE04EC0-301F-11D3-BF4B-00C04F79EFBC}") = "UnitTests", "UnitTests\UnitTests.csproj", "{39BF316F-7571-48C5-B866-47B9884DCB4D}"
EndProject
Global
	GlobalSection(SolutionConfigurationPlatforms) = preSolution
		Debug|Any CPU = Debug|Any CPU
		Release|Any CPU = Release|Any CPU
	EndGlobalSection
	GlobalSection(ProjectConfigurationPlatforms) = postSolution
		{63023A48-5BA1-46DD-BC32-3269ED67B648}.Debug|Any CPU.ActiveCfg = Debug|Any CPU
		{63023A48-5BA1-46DD-BC32-3269ED67B648}.Debug|Any CPU.Build.0 = Debug|Any CPU
		{63023A48-5BA1-46DD-BC32-3269ED67B648}.Release|Any CPU.ActiveCfg = Release|Any CPU
		{63023A48-5BA1-46DD-BC32-3269ED67B648}.Release|Any CPU.Build.0 = Release|Any CPU
		{39BF316F-7571-48C5-B866-47B9884DCB4D}.Debug|Any CPU.ActiveCfg = Debug|Any CPU
		{39BF316F-7571-48C5-B866-47B9884DCB4D}.Debug|Any CPU.Build.0 = Debug|Any CPU
		{39BF316F-7571-48C5-B866-47B9884DCB4D}.Release|Any CPU.ActiveCfg = Release|Any CPU
		{39BF316F-7571-48C5-B866-47B9884DCB4D}.Release|Any CPU.Build.0 = Release|Any CPU
	EndGlobalSection
	GlobalSection(SolutionProperties) = preSolution
		HideSolutionNode = FALSE
	EndGlobalSection
	GlobalSection(ExtensibilityGlobals) = postSolution
		SolutionGuid = {F7DAB2A6-C700-4431-A68B-42209FF40456}
	EndGlobalSection
EndGlobal
